// !$*UTF8*$!
{
	archiveVersion = 1;
	classes = {
	};
	objectVersion = 56;
	objects = {

/* Begin PBXBuildFile section */
		5D20F6072B32F61500DE7FAD /* VCLandLogin.swift in Sources */ = {isa = PBXBuildFile; fileRef = 5D20F6052B32F61500DE7FAD /* VCLandLogin.swift */; };
		5D20F6082B32F61500DE7FAD /* VCLandLogin.xib in Resources */ = {isa = PBXBuildFile; fileRef = 5D20F6062B32F61500DE7FAD /* VCLandLogin.xib */; };
		5D20F60A2B32F97E00DE7FAD /* VCWhatsNew.swift in Sources */ = {isa = PBXBuildFile; fileRef = 5D20F6092B32F97E00DE7FAD /* VCWhatsNew.swift */; };
		5D20F60D2B32FF2B00DE7FAD /* VCEmoticonInput.swift in Sources */ = {isa = PBXBuildFile; fileRef = 5D20F60B2B32FF2B00DE7FAD /* VCEmoticonInput.swift */; };
		5D20F60E2B32FF2B00DE7FAD /* VCEmoticonInput.xib in Resources */ = {isa = PBXBuildFile; fileRef = 5D20F60C2B32FF2B00DE7FAD /* VCEmoticonInput.xib */; };
		5D2DBB032B5BEF3200354683 /* VCSubLand.swift in Sources */ = {isa = PBXBuildFile; fileRef = 5D2DBB012B5BEF3200354683 /* VCSubLand.swift */; };
		5D2DBB042B5BEF3200354683 /* VCSubLand.xib in Resources */ = {isa = PBXBuildFile; fileRef = 5D2DBB022B5BEF3200354683 /* VCSubLand.xib */; };
		5D3B2B022AA9A8A7007C442C /* TRProblemReporter.swift in Sources */ = {isa = PBXBuildFile; fileRef = 5D3B2B012AA9A8A7007C442C /* TRProblemReporter.swift */; };
		5D483A882A73FDC600DB37BD /* LCStorage.swift in Sources */ = {isa = PBXBuildFile; fileRef = 5D483A872A73FDC600DB37BD /* LCStorage.swift */; };
		5D6AADC12AAAD0A200419996 /* TRFVController.swift in Sources */ = {isa = PBXBuildFile; fileRef = 5D6AADC02AAAD0A200419996 /* TRFVController.swift */; };
		5D6AADC92AAB261D00419996 /* VCCookieManage.swift in Sources */ = {isa = PBXBuildFile; fileRef = 5D6AADC72AAB261D00419996 /* VCCookieManage.swift */; };
		5D6AADCA2AAB261D00419996 /* VCCookieManage.xib in Resources */ = {isa = PBXBuildFile; fileRef = 5D6AADC82AAB261D00419996 /* VCCookieManage.xib */; };
		5D6AADCC2AAB3E3C00419996 /* ProblemReporter.xib in Resources */ = {isa = PBXBuildFile; fileRef = 5D6AADCB2AAB3E3C00419996 /* ProblemReporter.xib */; };
		5D6AADCE2AAB4D5900419996 /* TRProblemList.swift in Sources */ = {isa = PBXBuildFile; fileRef = 5D6AADCD2AAB4D5900419996 /* TRProblemList.swift */; };
		5D6ED6E12AAAA12D005AEDEC /* TRPrivacy.swift in Sources */ = {isa = PBXBuildFile; fileRef = 5D6ED6E02AAAA12D005AEDEC /* TRPrivacy.swift */; };
		5D6ED6E32AAAB491005AEDEC /* MainLand.storyboard in Resources */ = {isa = PBXBuildFile; fileRef = 5D6ED6E22AAAB491005AEDEC /* MainLand.storyboard */; };
		5D6ED6E52AAAB4A5005AEDEC /* VCMainLand.swift in Sources */ = {isa = PBXBuildFile; fileRef = 5D6ED6E42AAAB4A5005AEDEC /* VCMainLand.swift */; };
		5D8C973E2B3D830B009D142D /* Documentation.docc in Sources */ = {isa = PBXBuildFile; fileRef = 5D8C973D2B3D77D7009D142D /* Documentation.docc */; };
		5D8F003B2B39D2EA00D9EFE7 /* TRProblemHandler.swift in Sources */ = {isa = PBXBuildFile; fileRef = 5D8F003A2B39D2EA00D9EFE7 /* TRProblemHandler.swift */; };
		5D93AC552A6049CC00C7799B /* Alamofire in Frameworks */ = {isa = PBXBuildFile; productRef = 5D93AC542A6049CC00C7799B /* Alamofire */; };
		5D960CEA2A59B0E9008F26EC /* AppDelegate.swift in Sources */ = {isa = PBXBuildFile; fileRef = 5D960CE92A59B0E9008F26EC /* AppDelegate.swift */; };
		5D960CEC2A59B0E9008F26EC /* SceneDelegate.swift in Sources */ = {isa = PBXBuildFile; fileRef = 5D960CEB2A59B0E9008F26EC /* SceneDelegate.swift */; };
		5D960CEE2A59B0E9008F26EC /* ViewController.swift in Sources */ = {isa = PBXBuildFile; fileRef = 5D960CED2A59B0E9008F26EC /* ViewController.swift */; };
		5D960CF12A59B0E9008F26EC /* Main.storyboard in Resources */ = {isa = PBXBuildFile; fileRef = 5D960CEF2A59B0E9008F26EC /* Main.storyboard */; };
		5D960CF32A59B0EE008F26EC /* Assets.xcassets in Resources */ = {isa = PBXBuildFile; fileRef = 5D960CF22A59B0EE008F26EC /* Assets.xcassets */; };
		5D960CF62A59B0EE008F26EC /* LaunchScreen.storyboard in Resources */ = {isa = PBXBuildFile; fileRef = 5D960CF42A59B0EE008F26EC /* LaunchScreen.storyboard */; };
		5D9D99132B025BA6004F60A1 /* VCForumSelector.swift in Sources */ = {isa = PBXBuildFile; fileRef = 5D9D99112B025BA6004F60A1 /* VCForumSelector.swift */; };
		5D9D99142B025BA6004F60A1 /* VCForumSelector.xib in Resources */ = {isa = PBXBuildFile; fileRef = 5D9D99122B025BA6004F60A1 /* VCForumSelector.xib */; };
		5DA0263C2B4AB2890010C1B5 /* TRLoading.swift in Sources */ = {isa = PBXBuildFile; fileRef = 5DA0263A2B4AB2890010C1B5 /* TRLoading.swift */; };
		5DA0263D2B4AB2890010C1B5 /* TRLoading.xib in Resources */ = {isa = PBXBuildFile; fileRef = 5DA0263B2B4AB2890010C1B5 /* TRLoading.xib */; };
		5DA1A9302B030E9900335F6C /* VCWhatsNew.xib in Resources */ = {isa = PBXBuildFile; fileRef = 5DA1A92F2B030E9900335F6C /* VCWhatsNew.xib */; };
		5DAAC4022A68CA35001D2DC9 /* LCAPI.swift in Sources */ = {isa = PBXBuildFile; fileRef = 5DAAC4012A68CA35001D2DC9 /* LCAPI.swift */; };
		5DAAC4042A68CEEF001D2DC9 /* LCRequest.swift in Sources */ = {isa = PBXBuildFile; fileRef = 5DAAC4032A68CEEF001D2DC9 /* LCRequest.swift */; };
		5DAD99632A6A532100817CE4 /* SwiftyJSON in Frameworks */ = {isa = PBXBuildFile; productRef = 5DAD99622A6A532100817CE4 /* SwiftyJSON */; };
		5DB1737A2A5D7F1A0008C4B3 /* TRPreference.swift in Sources */ = {isa = PBXBuildFile; fileRef = 5DB173792A5D7F1A0008C4B3 /* TRPreference.swift */; };
		5DB91DE82A6A07E5004998F7 /* LCStruct.swift in Sources */ = {isa = PBXBuildFile; fileRef = 5DB91DE72A6A07E5004998F7 /* LCStruct.swift */; };
		5DDA78522AAAF1C600569257 /* VCWritePost.swift in Sources */ = {isa = PBXBuildFile; fileRef = 5DDA78502AAAF1C600569257 /* VCWritePost.swift */; };
		5DDA78532AAAF1C600569257 /* VCWritePost.xib in Resources */ = {isa = PBXBuildFile; fileRef = 5DDA78512AAAF1C600569257 /* VCWritePost.xib */; };
		5DDB2EB62A5D6DA80073FBED /* TRPreference.storyboard in Resources */ = {isa = PBXBuildFile; fileRef = 5DDB2EB52A5D6DA80073FBED /* TRPreference.storyboard */; };
		5DF06E842A5EC6A900B07D4F /* TRFV.storyboard in Resources */ = {isa = PBXBuildFile; fileRef = 5DF06E832A5EC6A900B07D4F /* TRFV.storyboard */; };
		5DF06E882A5ECAB900B07D4F /* TRFVTable.swift in Sources */ = {isa = PBXBuildFile; fileRef = 5DF06E872A5ECAB900B07D4F /* TRFVTable.swift */; };
		5DF692F82A74AA640078A4C3 /* LCDefaults.swift in Sources */ = {isa = PBXBuildFile; fileRef = 5DF692F72A74AA640078A4C3 /* LCDefaults.swift */; };
/* End PBXBuildFile section */

/* Begin PBXFileReference section */
		5D20F6052B32F61500DE7FAD /* VCLandLogin.swift */ = {isa = PBXFileReference; lastKnownFileType = sourcecode.swift; path = VCLandLogin.swift; sourceTree = "<group>"; };
		5D20F6062B32F61500DE7FAD /* VCLandLogin.xib */ = {isa = PBXFileReference; lastKnownFileType = file.xib; path = VCLandLogin.xib; sourceTree = "<group>"; };
		5D20F6092B32F97E00DE7FAD /* VCWhatsNew.swift */ = {isa = PBXFileReference; lastKnownFileType = sourcecode.swift; path = VCWhatsNew.swift; sourceTree = "<group>"; };
		5D20F60B2B32FF2B00DE7FAD /* VCEmoticonInput.swift */ = {isa = PBXFileReference; lastKnownFileType = sourcecode.swift; path = VCEmoticonInput.swift; sourceTree = "<group>"; };
		5D20F60C2B32FF2B00DE7FAD /* VCEmoticonInput.xib */ = {isa = PBXFileReference; lastKnownFileType = file.xib; path = VCEmoticonInput.xib; sourceTree = "<group>"; };
		5D2DBB012B5BEF3200354683 /* VCSubLand.swift */ = {isa = PBXFileReference; lastKnownFileType = sourcecode.swift; path = VCSubLand.swift; sourceTree = "<group>"; };
		5D2DBB022B5BEF3200354683 /* VCSubLand.xib */ = {isa = PBXFileReference; lastKnownFileType = file.xib; path = VCSubLand.xib; sourceTree = "<group>"; };
		5D3B2B012AA9A8A7007C442C /* TRProblemReporter.swift */ = {isa = PBXFileReference; lastKnownFileType = sourcecode.swift; path = TRProblemReporter.swift; sourceTree = "<group>"; };
		5D483A872A73FDC600DB37BD /* LCStorage.swift */ = {isa = PBXFileReference; lastKnownFileType = sourcecode.swift; path = LCStorage.swift; sourceTree = "<group>"; };
		5D6AADC02AAAD0A200419996 /* TRFVController.swift */ = {isa = PBXFileReference; lastKnownFileType = sourcecode.swift; path = TRFVController.swift; sourceTree = "<group>"; };
		5D6AADC72AAB261D00419996 /* VCCookieManage.swift */ = {isa = PBXFileReference; lastKnownFileType = sourcecode.swift; path = VCCookieManage.swift; sourceTree = "<group>"; };
		5D6AADC82AAB261D00419996 /* VCCookieManage.xib */ = {isa = PBXFileReference; lastKnownFileType = file.xib; path = VCCookieManage.xib; sourceTree = "<group>"; };
		5D6AADCB2AAB3E3C00419996 /* ProblemReporter.xib */ = {isa = PBXFileReference; lastKnownFileType = file.xib; path = ProblemReporter.xib; sourceTree = "<group>"; };
		5D6AADCD2AAB4D5900419996 /* TRProblemList.swift */ = {isa = PBXFileReference; lastKnownFileType = sourcecode.swift; path = TRProblemList.swift; sourceTree = "<group>"; };
		5D6ED6E02AAAA12D005AEDEC /* TRPrivacy.swift */ = {isa = PBXFileReference; lastKnownFileType = sourcecode.swift; path = TRPrivacy.swift; sourceTree = "<group>"; };
		5D6ED6E22AAAB491005AEDEC /* MainLand.storyboard */ = {isa = PBXFileReference; lastKnownFileType = file.storyboard; path = MainLand.storyboard; sourceTree = "<group>"; };
		5D6ED6E42AAAB4A5005AEDEC /* VCMainLand.swift */ = {isa = PBXFileReference; lastKnownFileType = sourcecode.swift; path = VCMainLand.swift; sourceTree = "<group>"; };
		5D8C973D2B3D77D7009D142D /* Documentation.docc */ = {isa = PBXFileReference; lastKnownFileType = folder.documentationcatalog; path = Documentation.docc; sourceTree = "<group>"; };
		5D8F003A2B39D2EA00D9EFE7 /* TRProblemHandler.swift */ = {isa = PBXFileReference; lastKnownFileType = sourcecode.swift; path = TRProblemHandler.swift; sourceTree = "<group>"; };
		5D960CE62A59B0E9008F26EC /* CrossLand.app */ = {isa = PBXFileReference; explicitFileType = wrapper.application; includeInIndex = 0; path = CrossLand.app; sourceTree = BUILT_PRODUCTS_DIR; };
		5D960CE92A59B0E9008F26EC /* AppDelegate.swift */ = {isa = PBXFileReference; lastKnownFileType = sourcecode.swift; path = AppDelegate.swift; sourceTree = "<group>"; };
		5D960CEB2A59B0E9008F26EC /* SceneDelegate.swift */ = {isa = PBXFileReference; lastKnownFileType = sourcecode.swift; path = SceneDelegate.swift; sourceTree = "<group>"; };
		5D960CED2A59B0E9008F26EC /* ViewController.swift */ = {isa = PBXFileReference; lastKnownFileType = sourcecode.swift; path = ViewController.swift; sourceTree = "<group>"; };
		5D960CF02A59B0E9008F26EC /* Base */ = {isa = PBXFileReference; lastKnownFileType = file.storyboard; name = Base; path = Base.lproj/Main.storyboard; sourceTree = "<group>"; };
		5D960CF22A59B0EE008F26EC /* Assets.xcassets */ = {isa = PBXFileReference; lastKnownFileType = folder.assetcatalog; path = Assets.xcassets; sourceTree = "<group>"; };
		5D960CF52A59B0EE008F26EC /* Base */ = {isa = PBXFileReference; lastKnownFileType = file.storyboard; name = Base; path = Base.lproj/LaunchScreen.storyboard; sourceTree = "<group>"; };
		5D960CF72A59B0EE008F26EC /* Info.plist */ = {isa = PBXFileReference; lastKnownFileType = text.plist.xml; path = Info.plist; sourceTree = "<group>"; };
		5D960CFD2A59B0FE008F26EC /* CrossLand.entitlements */ = {isa = PBXFileReference; lastKnownFileType = text.plist.entitlements; path = CrossLand.entitlements; sourceTree = "<group>"; };
		5D9D99112B025BA6004F60A1 /* VCForumSelector.swift */ = {isa = PBXFileReference; lastKnownFileType = sourcecode.swift; path = VCForumSelector.swift; sourceTree = "<group>"; };
		5D9D99122B025BA6004F60A1 /* VCForumSelector.xib */ = {isa = PBXFileReference; lastKnownFileType = file.xib; path = VCForumSelector.xib; sourceTree = "<group>"; };
		5DA0263A2B4AB2890010C1B5 /* TRLoading.swift */ = {isa = PBXFileReference; lastKnownFileType = sourcecode.swift; path = TRLoading.swift; sourceTree = "<group>"; };
		5DA0263B2B4AB2890010C1B5 /* TRLoading.xib */ = {isa = PBXFileReference; lastKnownFileType = file.xib; path = TRLoading.xib; sourceTree = "<group>"; };
		5DA1A92F2B030E9900335F6C /* VCWhatsNew.xib */ = {isa = PBXFileReference; lastKnownFileType = file.xib; path = VCWhatsNew.xib; sourceTree = "<group>"; };
		5DAAC4012A68CA35001D2DC9 /* LCAPI.swift */ = {isa = PBXFileReference; lastKnownFileType = sourcecode.swift; path = LCAPI.swift; sourceTree = "<group>"; };
		5DAAC4032A68CEEF001D2DC9 /* LCRequest.swift */ = {isa = PBXFileReference; lastKnownFileType = sourcecode.swift; path = LCRequest.swift; sourceTree = "<group>"; };
		5DB173792A5D7F1A0008C4B3 /* TRPreference.swift */ = {isa = PBXFileReference; lastKnownFileType = sourcecode.swift; path = TRPreference.swift; sourceTree = "<group>"; };
		5DB91DE72A6A07E5004998F7 /* LCStruct.swift */ = {isa = PBXFileReference; lastKnownFileType = sourcecode.swift; path = LCStruct.swift; sourceTree = "<group>"; };
		5DDA78502AAAF1C600569257 /* VCWritePost.swift */ = {isa = PBXFileReference; lastKnownFileType = sourcecode.swift; path = VCWritePost.swift; sourceTree = "<group>"; };
		5DDA78512AAAF1C600569257 /* VCWritePost.xib */ = {isa = PBXFileReference; lastKnownFileType = file.xib; path = VCWritePost.xib; sourceTree = "<group>"; };
		5DDB2EB52A5D6DA80073FBED /* TRPreference.storyboard */ = {isa = PBXFileReference; lastKnownFileType = file.storyboard; path = TRPreference.storyboard; sourceTree = "<group>"; };
		5DF06E832A5EC6A900B07D4F /* TRFV.storyboard */ = {isa = PBXFileReference; lastKnownFileType = file.storyboard; path = TRFV.storyboard; sourceTree = "<group>"; };
		5DF06E872A5ECAB900B07D4F /* TRFVTable.swift */ = {isa = PBXFileReference; lastKnownFileType = sourcecode.swift; path = TRFVTable.swift; sourceTree = "<group>"; wrapsLines = 1; };
		5DF0D25E2A5F7FDA00D4CD5E /* Acknowledgement.md */ = {isa = PBXFileReference; lastKnownFileType = net.daringfireball.markdown; path = Acknowledgement.md; sourceTree = "<group>"; };
		5DF692F72A74AA640078A4C3 /* LCDefaults.swift */ = {isa = PBXFileReference; lastKnownFileType = sourcecode.swift; path = LCDefaults.swift; sourceTree = "<group>"; };
/* End PBXFileReference section */

/* Begin PBXFrameworksBuildPhase section */
		5D960CE32A59B0E9008F26EC /* Frameworks */ = {
			isa = PBXFrameworksBuildPhase;
			buildActionMask = 2147483647;
			files = (
				5DAD99632A6A532100817CE4 /* SwiftyJSON in Frameworks */,
				5D93AC552A6049CC00C7799B /* Alamofire in Frameworks */,
			);
			runOnlyForDeploymentPostprocessing = 0;
		};
/* End PBXFrameworksBuildPhase section */

/* Begin PBXGroup section */
		5D109B4D2AA8B15300EC9F9B /* ProblemReport */ = {
			isa = PBXGroup;
			children = (
				5D8F003A2B39D2EA00D9EFE7 /* TRProblemHandler.swift */,
				5D3B2B012AA9A8A7007C442C /* TRProblemReporter.swift */,
				5D6AADCD2AAB4D5900419996 /* TRProblemList.swift */,
				5D6AADCB2AAB3E3C00419996 /* ProblemReporter.xib */,
			);
			path = ProblemReport;
			sourceTree = "<group>";
		};
		5D3B2B032AA9AA48007C442C /* Privacy */ = {
			isa = PBXGroup;
			children = (
				5D6ED6E02AAAA12D005AEDEC /* TRPrivacy.swift */,
			);
			path = Privacy;
			sourceTree = "<group>";
		};
		5D6AADC62AAB25A600419996 /* UserManage */ = {
			isa = PBXGroup;
			children = (
				5D6AADC72AAB261D00419996 /* VCCookieManage.swift */,
				5D6AADC82AAB261D00419996 /* VCCookieManage.xib */,
				5D20F6052B32F61500DE7FAD /* VCLandLogin.swift */,
				5D20F6062B32F61500DE7FAD /* VCLandLogin.xib */,
			);
			path = UserManage;
			sourceTree = "<group>";
		};
		5D960CDD2A59B0E8008F26EC = {
			isa = PBXGroup;
			children = (
				5D960CE82A59B0E9008F26EC /* CrossLand */,
				5D960CE72A59B0E9008F26EC /* Products */,
			);
			sourceTree = "<group>";
		};
		5D960CE72A59B0E9008F26EC /* Products */ = {
			isa = PBXGroup;
			children = (
				5D960CE62A59B0E9008F26EC /* CrossLand.app */,
			);
			name = Products;
			sourceTree = "<group>";
		};
		5D960CE82A59B0E9008F26EC /* CrossLand */ = {
			isa = PBXGroup;
			children = (
				5DA026392B4AB2640010C1B5 /* Animation */,
				5DF06E822A5EC64300B07D4F /* Core */,
				5DDB2EB82A5D73C20073FBED /* MainLand */,
				5DCC04DB2A5E4F850076B70D /* Forum */,
				5D6AADC62AAB25A600419996 /* UserManage */,
				5D3B2B032AA9AA48007C442C /* Privacy */,
				5D109B4D2AA8B15300EC9F9B /* ProblemReport */,
				5DDA784F2AAAF18A00569257 /* Post */,
				5DA1A92E2B030E5700335F6C /* Tip */,
				5DE1346E2A5E448A0008C6CD /* Preference */,
				5D960CE92A59B0E9008F26EC /* AppDelegate.swift */,
				5D960CEB2A59B0E9008F26EC /* SceneDelegate.swift */,
				5D960CED2A59B0E9008F26EC /* ViewController.swift */,
				5D960CF22A59B0EE008F26EC /* Assets.xcassets */,
				5D960CEF2A59B0E9008F26EC /* Main.storyboard */,
				5D960CF42A59B0EE008F26EC /* LaunchScreen.storyboard */,
				5D960CFD2A59B0FE008F26EC /* CrossLand.entitlements */,
				5D960CF72A59B0EE008F26EC /* Info.plist */,
				5DF0D25E2A5F7FDA00D4CD5E /* Acknowledgement.md */,
				5D8C973D2B3D77D7009D142D /* Documentation.docc */,
			);
			path = CrossLand;
			sourceTree = "<group>";
		};
		5DA026392B4AB2640010C1B5 /* Animation */ = {
			isa = PBXGroup;
			children = (
				5DA0263A2B4AB2890010C1B5 /* TRLoading.swift */,
				5DA0263B2B4AB2890010C1B5 /* TRLoading.xib */,
			);
			path = Animation;
			sourceTree = "<group>";
		};
		5DA1A92E2B030E5700335F6C /* Tip */ = {
			isa = PBXGroup;
			children = (
				5D20F6092B32F97E00DE7FAD /* VCWhatsNew.swift */,
				5DA1A92F2B030E9900335F6C /* VCWhatsNew.xib */,
			);
			path = Tip;
			sourceTree = "<group>";
		};
		5DCC04DB2A5E4F850076B70D /* Forum */ = {
			isa = PBXGroup;
			children = (
				5D6AADC02AAAD0A200419996 /* TRFVController.swift */,
				5DF06E872A5ECAB900B07D4F /* TRFVTable.swift */,
				5DF06E832A5EC6A900B07D4F /* TRFV.storyboard */,
				5D9D99112B025BA6004F60A1 /* VCForumSelector.swift */,
				5D9D99122B025BA6004F60A1 /* VCForumSelector.xib */,
			);
			path = Forum;
			sourceTree = "<group>";
		};
		5DDA784F2AAAF18A00569257 /* Post */ = {
			isa = PBXGroup;
			children = (
				5DDA78502AAAF1C600569257 /* VCWritePost.swift */,
				5DDA78512AAAF1C600569257 /* VCWritePost.xib */,
				5D20F60B2B32FF2B00DE7FAD /* VCEmoticonInput.swift */,
				5D20F60C2B32FF2B00DE7FAD /* VCEmoticonInput.xib */,
			);
			path = Post;
			sourceTree = "<group>";
		};
		5DDB2EB82A5D73C20073FBED /* MainLand */ = {
			isa = PBXGroup;
			children = (
				5D6ED6E42AAAB4A5005AEDEC /* VCMainLand.swift */,
				5D6ED6E22AAAB491005AEDEC /* MainLand.storyboard */,
				5D2DBB012B5BEF3200354683 /* VCSubLand.swift */,
				5D2DBB022B5BEF3200354683 /* VCSubLand.xib */,
			);
			path = MainLand;
			sourceTree = "<group>";
		};
		5DE1346E2A5E448A0008C6CD /* Preference */ = {
			isa = PBXGroup;
			children = (
				5DB173792A5D7F1A0008C4B3 /* TRPreference.swift */,
				5DDB2EB52A5D6DA80073FBED /* TRPreference.storyboard */,
			);
			path = Preference;
			sourceTree = "<group>";
		};
		5DF06E822A5EC64300B07D4F /* Core */ = {
			isa = PBXGroup;
			children = (
				5DAAC4012A68CA35001D2DC9 /* LCAPI.swift */,
				5DAAC4032A68CEEF001D2DC9 /* LCRequest.swift */,
				5DB91DE72A6A07E5004998F7 /* LCStruct.swift */,
				5D483A872A73FDC600DB37BD /* LCStorage.swift */,
				5DF692F72A74AA640078A4C3 /* LCDefaults.swift */,
			);
			path = Core;
			sourceTree = "<group>";
		};
/* End PBXGroup section */

/* Begin PBXNativeTarget section */
		5D960CE52A59B0E9008F26EC /* LandX */ = {
			isa = PBXNativeTarget;
			buildConfigurationList = 5D960CFA2A59B0EE008F26EC /* Build configuration list for PBXNativeTarget "LandX" */;
			buildPhases = (
				5D960CE22A59B0E9008F26EC /* Sources */,
				5D960CE32A59B0E9008F26EC /* Frameworks */,
				5D960CE42A59B0E9008F26EC /* Resources */,
			);
			buildRules = (
			);
			dependencies = (
			);
			name = LandX;
			packageProductDependencies = (
				5D93AC542A6049CC00C7799B /* Alamofire */,
				5DAD99622A6A532100817CE4 /* SwiftyJSON */,
			);
			productName = LandX;
			productReference = 5D960CE62A59B0E9008F26EC /* CrossLand.app */;
			productType = "com.apple.product-type.application";
		};
/* End PBXNativeTarget section */

/* Begin PBXProject section */
		5D960CDE2A59B0E9008F26EC /* Project object */ = {
			isa = PBXProject;
			attributes = {
				BuildIndependentTargetsInParallel = 1;
				LastSwiftUpdateCheck = 1420;
				LastUpgradeCheck = 1420;
				TargetAttributes = {
					5D960CE52A59B0E9008F26EC = {
						CreatedOnToolsVersion = 14.2;
					};
				};
			};
			buildConfigurationList = 5D960CE12A59B0E9008F26EC /* Build configuration list for PBXProject "CrossLand" */;
			compatibilityVersion = "Xcode 14.0";
			developmentRegion = en;
			hasScannedForEncodings = 0;
			knownRegions = (
				en,
				Base,
			);
			mainGroup = 5D960CDD2A59B0E8008F26EC;
			packageReferences = (
				5D93AC532A6049CC00C7799B /* XCRemoteSwiftPackageReference "Alamofire" */,
				5DAD99612A6A532100817CE4 /* XCRemoteSwiftPackageReference "SwiftyJSON" */,
			);
			productRefGroup = 5D960CE72A59B0E9008F26EC /* Products */;
			projectDirPath = "";
			projectRoot = "";
			targets = (
				5D960CE52A59B0E9008F26EC /* LandX */,
			);
		};
/* End PBXProject section */

/* Begin PBXResourcesBuildPhase section */
		5D960CE42A59B0E9008F26EC /* Resources */ = {
			isa = PBXResourcesBuildPhase;
			buildActionMask = 2147483647;
			files = (
				5DA1A9302B030E9900335F6C /* VCWhatsNew.xib in Resources */,
				5D2DBB042B5BEF3200354683 /* VCSubLand.xib in Resources */,
				5D6AADCC2AAB3E3C00419996 /* ProblemReporter.xib in Resources */,
				5DF06E842A5EC6A900B07D4F /* TRFV.storyboard in Resources */,
				5D960CF62A59B0EE008F26EC /* LaunchScreen.storyboard in Resources */,
				5D960CF32A59B0EE008F26EC /* Assets.xcassets in Resources */,
				5D960CF12A59B0E9008F26EC /* Main.storyboard in Resources */,
				5DDB2EB62A5D6DA80073FBED /* TRPreference.storyboard in Resources */,
				5D6AADCA2AAB261D00419996 /* VCCookieManage.xib in Resources */,
				5D20F60E2B32FF2B00DE7FAD /* VCEmoticonInput.xib in Resources */,
				5D9D99142B025BA6004F60A1 /* VCForumSelector.xib in Resources */,
				5D20F6082B32F61500DE7FAD /* VCLandLogin.xib in Resources */,
				5D6ED6E32AAAB491005AEDEC /* MainLand.storyboard in Resources */,
				5DA0263D2B4AB2890010C1B5 /* TRLoading.xib in Resources */,
				5DDA78532AAAF1C600569257 /* VCWritePost.xib in Resources */,
			);
			runOnlyForDeploymentPostprocessing = 0;
		};
/* End PBXResourcesBuildPhase section */

/* Begin PBXSourcesBuildPhase section */
		5D960CE22A59B0E9008F26EC /* Sources */ = {
			isa = PBXSourcesBuildPhase;
			buildActionMask = 2147483647;
			files = (
				5D960CEE2A59B0E9008F26EC /* ViewController.swift in Sources */,
				5D6AADC12AAAD0A200419996 /* TRFVController.swift in Sources */,
				5DAAC4042A68CEEF001D2DC9 /* LCRequest.swift in Sources */,
				5D9D99132B025BA6004F60A1 /* VCForumSelector.swift in Sources */,
				5D960CEA2A59B0E9008F26EC /* AppDelegate.swift in Sources */,
				5D8C973E2B3D830B009D142D /* Documentation.docc in Sources */,
				5D2DBB032B5BEF3200354683 /* VCSubLand.swift in Sources */,
				5DF692F82A74AA640078A4C3 /* LCDefaults.swift in Sources */,
				5D6ED6E12AAAA12D005AEDEC /* TRPrivacy.swift in Sources */,
				5DAAC4022A68CA35001D2DC9 /* LCAPI.swift in Sources */,
				5DDA78522AAAF1C600569257 /* VCWritePost.swift in Sources */,
				5D20F60D2B32FF2B00DE7FAD /* VCEmoticonInput.swift in Sources */,
				5D3B2B022AA9A8A7007C442C /* TRProblemReporter.swift in Sources */,
				5D6AADCE2AAB4D5900419996 /* TRProblemList.swift in Sources */,
				5DB91DE82A6A07E5004998F7 /* LCStruct.swift in Sources */,
				5DA0263C2B4AB2890010C1B5 /* TRLoading.swift in Sources */,
				5DB1737A2A5D7F1A0008C4B3 /* TRPreference.swift in Sources */,
				5D20F60A2B32F97E00DE7FAD /* VCWhatsNew.swift in Sources */,
				5D6AADC92AAB261D00419996 /* VCCookieManage.swift in Sources */,
				5D6ED6E52AAAB4A5005AEDEC /* VCMainLand.swift in Sources */,
				5D483A882A73FDC600DB37BD /* LCStorage.swift in Sources */,
				5D8F003B2B39D2EA00D9EFE7 /* TRProblemHandler.swift in Sources */,
				5D20F6072B32F61500DE7FAD /* VCLandLogin.swift in Sources */,
				5DF06E882A5ECAB900B07D4F /* TRFVTable.swift in Sources */,
				5D960CEC2A59B0E9008F26EC /* SceneDelegate.swift in Sources */,
			);
			runOnlyForDeploymentPostprocessing = 0;
		};
/* End PBXSourcesBuildPhase section */

/* Begin PBXVariantGroup section */
		5D960CEF2A59B0E9008F26EC /* Main.storyboard */ = {
			isa = PBXVariantGroup;
			children = (
				5D960CF02A59B0E9008F26EC /* Base */,
			);
			name = Main.storyboard;
			sourceTree = "<group>";
		};
		5D960CF42A59B0EE008F26EC /* LaunchScreen.storyboard */ = {
			isa = PBXVariantGroup;
			children = (
				5D960CF52A59B0EE008F26EC /* Base */,
			);
			name = LaunchScreen.storyboard;
			sourceTree = "<group>";
		};
/* End PBXVariantGroup section */

/* Begin XCBuildConfiguration section */
		5D960CF82A59B0EE008F26EC /* Debug */ = {
			isa = XCBuildConfiguration;
			buildSettings = {
				ALWAYS_SEARCH_USER_PATHS = NO;
				CLANG_ANALYZER_NONNULL = YES;
				CLANG_ANALYZER_NUMBER_OBJECT_CONVERSION = YES_AGGRESSIVE;
				CLANG_CXX_LANGUAGE_STANDARD = "gnu++20";
				CLANG_ENABLE_MODULES = YES;
				CLANG_ENABLE_OBJC_ARC = YES;
				CLANG_ENABLE_OBJC_WEAK = YES;
				CLANG_WARN_BLOCK_CAPTURE_AUTORELEASING = YES;
				CLANG_WARN_BOOL_CONVERSION = YES;
				CLANG_WARN_COMMA = YES;
				CLANG_WARN_CONSTANT_CONVERSION = YES;
				CLANG_WARN_DEPRECATED_OBJC_IMPLEMENTATIONS = YES;
				CLANG_WARN_DIRECT_OBJC_ISA_USAGE = YES_ERROR;
				CLANG_WARN_DOCUMENTATION_COMMENTS = YES;
				CLANG_WARN_EMPTY_BODY = YES;
				CLANG_WARN_ENUM_CONVERSION = YES;
				CLANG_WARN_INFINITE_RECURSION = YES;
				CLANG_WARN_INT_CONVERSION = YES;
				CLANG_WARN_NON_LITERAL_NULL_CONVERSION = YES;
				CLANG_WARN_OBJC_IMPLICIT_RETAIN_SELF = YES;
				CLANG_WARN_OBJC_LITERAL_CONVERSION = YES;
				CLANG_WARN_OBJC_ROOT_CLASS = YES_ERROR;
				CLANG_WARN_QUOTED_INCLUDE_IN_FRAMEWORK_HEADER = YES;
				CLANG_WARN_RANGE_LOOP_ANALYSIS = YES;
				CLANG_WARN_STRICT_PROTOTYPES = YES;
				CLANG_WARN_SUSPICIOUS_MOVE = YES;
				CLANG_WARN_UNGUARDED_AVAILABILITY = YES_AGGRESSIVE;
				CLANG_WARN_UNREACHABLE_CODE = YES;
				CLANG_WARN__DUPLICATE_METHOD_MATCH = YES;
				COPY_PHASE_STRIP = NO;
				DEBUG_INFORMATION_FORMAT = dwarf;
				ENABLE_STRICT_OBJC_MSGSEND = YES;
				ENABLE_TESTABILITY = YES;
				GCC_C_LANGUAGE_STANDARD = gnu11;
				GCC_DYNAMIC_NO_PIC = NO;
				GCC_NO_COMMON_BLOCKS = YES;
				GCC_OPTIMIZATION_LEVEL = 0;
				GCC_PREPROCESSOR_DEFINITIONS = (
					"DEBUG=1",
					"$(inherited)",
				);
				GCC_WARN_64_TO_32_BIT_CONVERSION = YES;
				GCC_WARN_ABOUT_RETURN_TYPE = YES_ERROR;
				GCC_WARN_UNDECLARED_SELECTOR = YES;
				GCC_WARN_UNINITIALIZED_AUTOS = YES_AGGRESSIVE;
				GCC_WARN_UNUSED_FUNCTION = YES;
				GCC_WARN_UNUSED_VARIABLE = YES;
				IPHONEOS_DEPLOYMENT_TARGET = 15.0;
				MTL_ENABLE_DEBUG_INFO = INCLUDE_SOURCE;
				MTL_FAST_MATH = YES;
				ONLY_ACTIVE_ARCH = YES;
				SDKROOT = iphoneos;
				SWIFT_ACTIVE_COMPILATION_CONDITIONS = DEBUG;
				SWIFT_OPTIMIZATION_LEVEL = "-Onone";
			};
			name = Debug;
		};
		5D960CF92A59B0EE008F26EC /* Release */ = {
			isa = XCBuildConfiguration;
			buildSettings = {
				ALWAYS_SEARCH_USER_PATHS = NO;
				CLANG_ANALYZER_NONNULL = YES;
				CLANG_ANALYZER_NUMBER_OBJECT_CONVERSION = YES_AGGRESSIVE;
				CLANG_CXX_LANGUAGE_STANDARD = "gnu++20";
				CLANG_ENABLE_MODULES = YES;
				CLANG_ENABLE_OBJC_ARC = YES;
				CLANG_ENABLE_OBJC_WEAK = YES;
				CLANG_WARN_BLOCK_CAPTURE_AUTORELEASING = YES;
				CLANG_WARN_BOOL_CONVERSION = YES;
				CLANG_WARN_COMMA = YES;
				CLANG_WARN_CONSTANT_CONVERSION = YES;
				CLANG_WARN_DEPRECATED_OBJC_IMPLEMENTATIONS = YES;
				CLANG_WARN_DIRECT_OBJC_ISA_USAGE = YES_ERROR;
				CLANG_WARN_DOCUMENTATION_COMMENTS = YES;
				CLANG_WARN_EMPTY_BODY = YES;
				CLANG_WARN_ENUM_CONVERSION = YES;
				CLANG_WARN_INFINITE_RECURSION = YES;
				CLANG_WARN_INT_CONVERSION = YES;
				CLANG_WARN_NON_LITERAL_NULL_CONVERSION = YES;
				CLANG_WARN_OBJC_IMPLICIT_RETAIN_SELF = YES;
				CLANG_WARN_OBJC_LITERAL_CONVERSION = YES;
				CLANG_WARN_OBJC_ROOT_CLASS = YES_ERROR;
				CLANG_WARN_QUOTED_INCLUDE_IN_FRAMEWORK_HEADER = YES;
				CLANG_WARN_RANGE_LOOP_ANALYSIS = YES;
				CLANG_WARN_STRICT_PROTOTYPES = YES;
				CLANG_WARN_SUSPICIOUS_MOVE = YES;
				CLANG_WARN_UNGUARDED_AVAILABILITY = YES_AGGRESSIVE;
				CLANG_WARN_UNREACHABLE_CODE = YES;
				CLANG_WARN__DUPLICATE_METHOD_MATCH = YES;
				COPY_PHASE_STRIP = NO;
				DEBUG_INFORMATION_FORMAT = "dwarf-with-dsym";
				ENABLE_NS_ASSERTIONS = NO;
				ENABLE_STRICT_OBJC_MSGSEND = YES;
				GCC_C_LANGUAGE_STANDARD = gnu11;
				GCC_NO_COMMON_BLOCKS = YES;
				GCC_WARN_64_TO_32_BIT_CONVERSION = YES;
				GCC_WARN_ABOUT_RETURN_TYPE = YES_ERROR;
				GCC_WARN_UNDECLARED_SELECTOR = YES;
				GCC_WARN_UNINITIALIZED_AUTOS = YES_AGGRESSIVE;
				GCC_WARN_UNUSED_FUNCTION = YES;
				GCC_WARN_UNUSED_VARIABLE = YES;
				IPHONEOS_DEPLOYMENT_TARGET = 15.0;
				MTL_ENABLE_DEBUG_INFO = NO;
				MTL_FAST_MATH = YES;
				SDKROOT = iphoneos;
				SWIFT_COMPILATION_MODE = wholemodule;
				SWIFT_OPTIMIZATION_LEVEL = "-O";
				VALIDATE_PRODUCT = YES;
			};
			name = Release;
		};
		5D960CFB2A59B0EE008F26EC /* Debug */ = {
			isa = XCBuildConfiguration;
			buildSettings = {
				ASSETCATALOG_COMPILER_APPICON_NAME = AppIcon;
				ASSETCATALOG_COMPILER_GLOBAL_ACCENT_COLOR_NAME = AccentColor;
				CODE_SIGN_ENTITLEMENTS = CrossLand/CrossLand.entitlements;
				"CODE_SIGN_IDENTITY[sdk=macosx*]" = "Apple Development";
				CODE_SIGN_STYLE = Automatic;
				CURRENT_PROJECT_VERSION = 2;
				DEVELOPMENT_TEAM = FXSVDYCN2P;
				"ENABLE_HARDENED_RUNTIME[sdk=macosx*]" = YES;
				GENERATE_INFOPLIST_FILE = YES;
				INFOPLIST_FILE = CrossLand/Info.plist;
				INFOPLIST_KEY_CFBundleDisplayName = CrossLand;
				INFOPLIST_KEY_LSApplicationCategoryType = "public.app-category.social-networking";
				INFOPLIST_KEY_NSCameraUsageDescription = "CrossLand 需要你的相机权限来进行 Cookie 二维码扫描。";
				INFOPLIST_KEY_UIApplicationSupportsIndirectInputEvents = YES;
				INFOPLIST_KEY_UILaunchStoryboardName = LaunchScreen;
				INFOPLIST_KEY_UIMainStoryboardFile = Main;
				INFOPLIST_KEY_UISupportedInterfaceOrientations = UIInterfaceOrientationPortrait;
				INFOPLIST_KEY_UISupportedInterfaceOrientations_iPad = "UIInterfaceOrientationLandscapeLeft UIInterfaceOrientationLandscapeRight UIInterfaceOrientationPortrait UIInterfaceOrientationPortraitUpsideDown";
				IPHONEOS_DEPLOYMENT_TARGET = 15.0;
				LD_RUNPATH_SEARCH_PATHS = (
					"$(inherited)",
					"@executable_path/Frameworks",
				);
				MACOSX_DEPLOYMENT_TARGET = 11.0;
				MARKETING_VERSION = 1.0;
				PRODUCT_BUNDLE_IDENTIFIER = studio.tri.LandX;
				PRODUCT_NAME = CrossLand;
				SUPPORTED_PLATFORMS = "iphoneos iphonesimulator";
				SUPPORTS_MACCATALYST = YES;
				SUPPORTS_MAC_DESIGNED_FOR_IPHONE_IPAD = NO;
				SWIFT_EMIT_LOC_STRINGS = YES;
				SWIFT_VERSION = 5.0;
				TARGETED_DEVICE_FAMILY = "1,2";
			};
			name = Debug;
		};
		5D960CFC2A59B0EE008F26EC /* Release */ = {
			isa = XCBuildConfiguration;
			buildSettings = {
				ASSETCATALOG_COMPILER_APPICON_NAME = AppIcon;
				ASSETCATALOG_COMPILER_GLOBAL_ACCENT_COLOR_NAME = AccentColor;
				CODE_SIGN_ENTITLEMENTS = CrossLand/CrossLand.entitlements;
				"CODE_SIGN_IDENTITY[sdk=macosx*]" = "Apple Development";
				CODE_SIGN_STYLE = Automatic;
				CURRENT_PROJECT_VERSION = 2;
				DEVELOPMENT_TEAM = FXSVDYCN2P;
				"ENABLE_HARDENED_RUNTIME[sdk=macosx*]" = YES;
				GENERATE_INFOPLIST_FILE = YES;
				INFOPLIST_FILE = CrossLand/Info.plist;
				INFOPLIST_KEY_CFBundleDisplayName = CrossLand;
				INFOPLIST_KEY_LSApplicationCategoryType = "public.app-category.social-networking";
				INFOPLIST_KEY_NSCameraUsageDescription = "CrossLand 需要你的相机权限来进行 Cookie 二维码扫描。";
				INFOPLIST_KEY_UIApplicationSupportsIndirectInputEvents = YES;
				INFOPLIST_KEY_UILaunchStoryboardName = LaunchScreen;
				INFOPLIST_KEY_UIMainStoryboardFile = Main;
				INFOPLIST_KEY_UISupportedInterfaceOrientations = UIInterfaceOrientationPortrait;
				INFOPLIST_KEY_UISupportedInterfaceOrientations_iPad = "UIInterfaceOrientationLandscapeLeft UIInterfaceOrientationLandscapeRight UIInterfaceOrientationPortrait UIInterfaceOrientationPortraitUpsideDown";
				IPHONEOS_DEPLOYMENT_TARGET = 15.0;
				LD_RUNPATH_SEARCH_PATHS = (
					"$(inherited)",
					"@executable_path/Frameworks",
				);
				MACOSX_DEPLOYMENT_TARGET = 11.0;
				MARKETING_VERSION = 1.0;
				PRODUCT_BUNDLE_IDENTIFIER = studio.tri.LandX;
				PRODUCT_NAME = CrossLand;
				SUPPORTED_PLATFORMS = "iphoneos iphonesimulator";
				SUPPORTS_MACCATALYST = YES;
				SUPPORTS_MAC_DESIGNED_FOR_IPHONE_IPAD = NO;
				SWIFT_EMIT_LOC_STRINGS = YES;
				SWIFT_VERSION = 5.0;
				TARGETED_DEVICE_FAMILY = "1,2";
			};
			name = Release;
		};
/* End XCBuildConfiguration section */

/* Begin XCConfigurationList section */
		5D960CE12A59B0E9008F26EC /* Build configuration list for PBXProject "CrossLand" */ = {
			isa = XCConfigurationList;
			buildConfigurations = (
				5D960CF82A59B0EE008F26EC /* Debug */,
				5D960CF92A59B0EE008F26EC /* Release */,
			);
			defaultConfigurationIsVisible = 0;
			defaultConfigurationName = Release;
		};
		5D960CFA2A59B0EE008F26EC /* Build configuration list for PBXNativeTarget "LandX" */ = {
			isa = XCConfigurationList;
			buildConfigurations = (
				5D960CFB2A59B0EE008F26EC /* Debug */,
				5D960CFC2A59B0EE008F26EC /* Release */,
			);
			defaultConfigurationIsVisible = 0;
			defaultConfigurationName = Release;
		};
/* End XCConfigurationList section */

/* Begin XCRemoteSwiftPackageReference section */
		5D93AC532A6049CC00C7799B /* XCRemoteSwiftPackageReference "Alamofire" */ = {
			isa = XCRemoteSwiftPackageReference;
			repositoryURL = "https://github.com/Alamofire/Alamofire.git";
			requirement = {
				kind = upToNextMajorVersion;
				minimumVersion = 5.0.0;
			};
		};
		5DAD99612A6A532100817CE4 /* XCRemoteSwiftPackageReference "SwiftyJSON" */ = {
			isa = XCRemoteSwiftPackageReference;
			repositoryURL = "https://github.com/SwiftyJSON/SwiftyJSON.git";
			requirement = {
				kind = upToNextMajorVersion;
				minimumVersion = 5.0.0;
			};
		};
/* End XCRemoteSwiftPackageReference section */

/* Begin XCSwiftPackageProductDependency section */
		5D93AC542A6049CC00C7799B /* Alamofire */ = {
			isa = XCSwiftPackageProductDependency;
			package = 5D93AC532A6049CC00C7799B /* XCRemoteSwiftPackageReference "Alamofire" */;
			productName = Alamofire;
		};
		5DAD99622A6A532100817CE4 /* SwiftyJSON */ = {
			isa = XCSwiftPackageProductDependency;
			package = 5DAD99612A6A532100817CE4 /* XCRemoteSwiftPackageReference "SwiftyJSON" */;
			productName = SwiftyJSON;
		};
/* End XCSwiftPackageProductDependency section */
	};
	rootObject = 5D960CDE2A59B0E9008F26EC /* Project object */;
}
